# This file is autogenerated, do not edit; changes may be undone by the next 'dep ensure'.


[[projects]]
  branch = "master"
  digest = "1:f780e2e814981de9dbdc2ca49d6c91d4aa4e2a1639ebc4106fafb0dc54fa5bd8"
  name = "github.com/alecthomas/units"
  packages = ["."]
  pruneopts = "UT"
  revision = "f65c72e2690dc4b403c8bd637baf4611cd4c069b"

[[projects]]
  branch = "master"
  digest = "1:6dc11974f849917481ad9ef384c88f2a8f2df71096e0ab459635b6949f64726a"
  name = "github.com/prettymuchbryce/hellobitcoin"
  packages = [
    "base58check",
    "base58check/base58",
  ]
  pruneopts = "UT"
  revision = "a32469c515edb2d20b0ba5d69ec67dfc727a6496"

[[projects]]
  branch = "master"
  digest = "1:9b013c2cebcfa167908aa75c8874354cf0368a3af82b5a764d22b3010b26766a"
  name = "github.com/toxeus/go-secp256k1"
  packages = ["."]
  pruneopts = "UT"
  revision = "77e56d25bcd62254427c9281dbb5afed9e1b3927"

[[projects]]
  branch = "master"
  digest = "1:1fa95129371749532e2ac8b93a0016c549ebe77f25c6fad296b6ee271fae2fd6"
  name = "golang.org/x/crypto"
  packages = ["ripemd160"]
  pruneopts = "UT"
  revision = "06a226fb4e3765ef3f48aa2852b401bc7b98e981"

[[projects]]
  digest = "1:4005b3945665cf0f67c833831f6337827810cb19bef90e69d30f90ad7bcdab3f"
  name = "gopkg.in/alecthomas/kingpin.v1"
  packages = ["."]
  pruneopts = "UT"
  revision = "45f9714aa86a9624491adeaab1e9df1baf84dd38"
  version = "v1.3.7"

[solve-meta]
  analyzer-name = "dep"
  analyzer-version = 1
  input-imports = [
    "github.com/prettymuchbryce/hellobitcoin/base58check",
    "github.com/toxeus/go-secp256k1",
    "golang.org/x/crypto/ripemd160",
    "gopkg.in/alecthomas/kingpin.v1",
  ]
  solver-name = "gps-cdcl"
  solver-version = 1
